
Microsoft Visual Studio Solution File, Format Version 12.00
# Visual Studio Version 16
VisualStudioVersion = 16.0.31729.503
MinimumVisualStudioVersion = 10.0.40219.1
Project("{FAE04EC0-301F-11D3-BF4B-00C04F79EFBC}") = "ExTagHelperPart2", "ExTagHelperPart2\ExTagHelperPart2.csproj", "{964BEF6B-CDA7-44C5-AA24-3D0BE2E4441C}"
EndProject
Global
	GlobalSection(SolutionConfigurationPlatforms) = preSolution
		Debug|Any CPU = Debug|Any CPU
		Release|Any CPU = Release|Any CPU
	EndGlobalSection
	GlobalSection(ProjectConfigurationPlatforms) = postSolution
		{964BEF6B-CDA7-44C5-AA24-3D0BE2E4441C}.Debug|Any CPU.ActiveCfg = Debug|Any CPU
		{964BEF6B-CDA7-44C5-AA24-3D0BE2E4441C}.Debug|Any CPU.Build.0 = Debug|Any CPU
		{964BEF6B-CDA7-44C5-AA24-3D0BE2E4441C}.Release|Any CPU.ActiveCfg = Release|Any CPU
		{964BEF6B-CDA7-44C5-AA24-3D0BE2E4441C}.Release|Any CPU.Build.0 = Release|Any CPU
	EndGlobalSection
	GlobalSection(SolutionProperties) = preSolution
		HideSolutionNode = FALSE
	EndGlobalSection
	GlobalSection(ExtensibilityGlobals) = postSolution
		SolutionGuid = {22623116-9B2B-4542-A93C-D4CD8C9D2415}
	EndGlobalSection
EndGlobal
